
Microsoft Visual Studio Solution File, Format Version 12.00
# Visual Studio 2013
VisualStudioVersion = 12.0.31101.0
MinimumVisualStudioVersion = 10.0.40219.1
Project("{FAE04EC0-301F-11D3-BF4B-00C04F79EFBC}") = "Primary_Function", "Primary_Function\Primary_Function.csproj", "{6B8A0BA9-A109-463C-B451-BA2019BAE75A}"
EndProject
Project("{2150E333-8FDC-42A3-9474-1A3956D46DE8}") = "Modele", "Modele", "{89FDF237-2936-4DD0-97C3-AF9702B7E40D}"
EndProject
Project("{FAE04EC0-301F-11D3-BF4B-00C04F79EFBC}") = "Modele.Echipa", "Modele.Echipa\Modele.Echipa.csproj", "{FFE11881-F56E-4DC0-BF2A-0D76E975E3D4}"
EndProject
Project("{FAE04EC0-301F-11D3-BF4B-00C04F79EFBC}") = "Modele.Meci", "Modele.Meci\Modele.Meci.csproj", "{D0DAAA4C-C56D-43A3-9A6D-86FA878F1C2E}"
EndProject
Project("{FAE04EC0-301F-11D3-BF4B-00C04F79EFBC}") = "Modele.Jucator", "Modele.Jucator\Modele.Jucator.csproj", "{B5F5DEA2-44F7-435D-A6F7-A7B8FBB6C7CB}"
EndProject
Project("{2150E333-8FDC-42A3-9474-1A3956D46DE8}") = "Repository", "Repository", "{6A733BB3-6F6D-4854-859A-449BC0A2C428}"
EndProject
Project("{FAE04EC0-301F-11D3-BF4B-00C04F79EFBC}") = "Repository.Echipa", "Repository.Echipa\Repository.Echipa.csproj", "{42FB7643-F7AB-499A-99C5-595266DF0C8D}"
EndProject
Project("{FAE04EC0-301F-11D3-BF4B-00C04F79EFBC}") = "Repository.Jucator", "Repository.Jucator\Repository.Jucator.csproj", "{D3127B29-E7AC-4DC4-A416-CBBEEA6BCF2A}"
EndProject
Project("{FAE04EC0-301F-11D3-BF4B-00C04F79EFBC}") = "Repository.Meci", "Repository.Meci\Repository.Meci.csproj", "{F8BF2911-7D5F-4829-B6F7-6093F6F116F8}"
EndProject
Project("{2150E333-8FDC-42A3-9474-1A3956D46DE8}") = "Services", "Services", "{612DE45A-582C-44B6-8FAE-FA09F048ECE9}"
EndProject
Project("{FAE04EC0-301F-11D3-BF4B-00C04F79EFBC}") = "Services.Echipa", "Services.Echipa\Services.Echipa.csproj", "{39FDFA4E-6702-4F40-8613-B381EC055F2B}"
EndProject
Project("{FAE04EC0-301F-11D3-BF4B-00C04F79EFBC}") = "Services.Meci", "Services.Meci\Services.Meci.csproj", "{31F074A9-80B2-47D9-90EA-4881F38B44F6}"
EndProject
Project("{FAE04EC0-301F-11D3-BF4B-00C04F79EFBC}") = "WPF_Score", "WPF_Score\WPF_Score.csproj", "{CDEDFFD3-25DD-4053-BEFA-892C9F24CAFF}"
EndProject
Project("{FAE04EC0-301F-11D3-BF4B-00C04F79EFBC}") = "WPF_ViewScore", "WPF_ViewScore\WPF_ViewScore.csproj", "{E543EB9F-8D54-407B-BB86-380C90E15074}"
EndProject
Global
	GlobalSection(SolutionConfigurationPlatforms) = preSolution
		Debug|Any CPU = Debug|Any CPU
		Release|Any CPU = Release|Any CPU
	EndGlobalSection
	GlobalSection(ProjectConfigurationPlatforms) = postSolution
		{6B8A0BA9-A109-463C-B451-BA2019BAE75A}.Debug|Any CPU.ActiveCfg = Debug|Any CPU
		{6B8A0BA9-A109-463C-B451-BA2019BAE75A}.Debug|Any CPU.Build.0 = Debug|Any CPU
		{6B8A0BA9-A109-463C-B451-BA2019BAE75A}.Release|Any CPU.ActiveCfg = Release|Any CPU
		{6B8A0BA9-A109-463C-B451-BA2019BAE75A}.Release|Any CPU.Build.0 = Release|Any CPU
		{FFE11881-F56E-4DC0-BF2A-0D76E975E3D4}.Debug|Any CPU.ActiveCfg = Debug|Any CPU
		{FFE11881-F56E-4DC0-BF2A-0D76E975E3D4}.Debug|Any CPU.Build.0 = Debug|Any CPU
		{FFE11881-F56E-4DC0-BF2A-0D76E975E3D4}.Release|Any CPU.ActiveCfg = Release|Any CPU
		{FFE11881-F56E-4DC0-BF2A-0D76E975E3D4}.Release|Any CPU.Build.0 = Release|Any CPU
		{D0DAAA4C-C56D-43A3-9A6D-86FA878F1C2E}.Debug|Any CPU.ActiveCfg = Debug|Any CPU
		{D0DAAA4C-C56D-43A3-9A6D-86FA878F1C2E}.Debug|Any CPU.Build.0 = Debug|Any CPU
		{D0DAAA4C-C56D-43A3-9A6D-86FA878F1C2E}.Release|Any CPU.ActiveCfg = Release|Any CPU
		{D0DAAA4C-C56D-43A3-9A6D-86FA878F1C2E}.Release|Any CPU.Build.0 = Release|Any CPU
		{B5F5DEA2-44F7-435D-A6F7-A7B8FBB6C7CB}.Debug|Any CPU.ActiveCfg = Debug|Any CPU
		{B5F5DEA2-44F7-435D-A6F7-A7B8FBB6C7CB}.Debug|Any CPU.Build.0 = Debug|Any CPU
		{B5F5DEA2-44F7-435D-A6F7-A7B8FBB6C7CB}.Release|Any CPU.ActiveCfg = Release|Any CPU
		{B5F5DEA2-44F7-435D-A6F7-A7B8FBB6C7CB}.Release|Any CPU.Build.0 = Release|Any CPU
		{42FB7643-F7AB-499A-99C5-595266DF0C8D}.Debug|Any CPU.ActiveCfg = Debug|Any CPU
		{42FB7643-F7AB-499A-99C5-595266DF0C8D}.Debug|Any CPU.Build.0 = Debug|Any CPU
		{42FB7643-F7AB-499A-99C5-595266DF0C8D}.Release|Any CPU.ActiveCfg = Release|Any CPU
		{42FB7643-F7AB-499A-99C5-595266DF0C8D}.Release|Any CPU.Build.0 = Release|Any CPU
		{D3127B29-E7AC-4DC4-A416-CBBEEA6BCF2A}.Debug|Any CPU.ActiveCfg = Debug|Any CPU
		{D3127B29-E7AC-4DC4-A416-CBBEEA6BCF2A}.Debug|Any CPU.Build.0 = Debug|Any CPU
		{D3127B29-E7AC-4DC4-A416-CBBEEA6BCF2A}.Release|Any CPU.ActiveCfg = Release|Any CPU
		{D3127B29-E7AC-4DC4-A416-CBBEEA6BCF2A}.Release|Any CPU.Build.0 = Release|Any CPU
		{F8BF2911-7D5F-4829-B6F7-6093F6F116F8}.Debug|Any CPU.ActiveCfg = Debug|Any CPU
		{F8BF2911-7D5F-4829-B6F7-6093F6F116F8}.Debug|Any CPU.Build.0 = Debug|Any CPU
		{F8BF2911-7D5F-4829-B6F7-6093F6F116F8}.Release|Any CPU.ActiveCfg = Release|Any CPU
		{F8BF2911-7D5F-4829-B6F7-6093F6F116F8}.Release|Any CPU.Build.0 = Release|Any CPU
		{39FDFA4E-6702-4F40-8613-B381EC055F2B}.Debug|Any CPU.ActiveCfg = Debug|Any CPU
		{39FDFA4E-6702-4F40-8613-B381EC055F2B}.Debug|Any CPU.Build.0 = Debug|Any CPU
		{39FDFA4E-6702-4F40-8613-B381EC055F2B}.Release|Any CPU.ActiveCfg = Release|Any CPU
		{39FDFA4E-6702-4F40-8613-B381EC055F2B}.Release|Any CPU.Build.0 = Release|Any CPU
		{31F074A9-80B2-47D9-90EA-4881F38B44F6}.Debug|Any CPU.ActiveCfg = Debug|Any CPU
		{31F074A9-80B2-47D9-90EA-4881F38B44F6}.Debug|Any CPU.Build.0 = Debug|Any CPU
		{31F074A9-80B2-47D9-90EA-4881F38B44F6}.Release|Any CPU.ActiveCfg = Release|Any CPU
		{31F074A9-80B2-47D9-90EA-4881F38B44F6}.Release|Any CPU.Build.0 = Release|Any CPU
		{CDEDFFD3-25DD-4053-BEFA-892C9F24CAFF}.Debug|Any CPU.ActiveCfg = Debug|Any CPU
		{CDEDFFD3-25DD-4053-BEFA-892C9F24CAFF}.Debug|Any CPU.Build.0 = Debug|Any CPU
		{CDEDFFD3-25DD-4053-BEFA-892C9F24CAFF}.Release|Any CPU.ActiveCfg = Release|Any CPU
		{CDEDFFD3-25DD-4053-BEFA-892C9F24CAFF}.Release|Any CPU.Build.0 = Release|Any CPU
		{E543EB9F-8D54-407B-BB86-380C90E15074}.Debug|Any CPU.ActiveCfg = Debug|Any CPU
		{E543EB9F-8D54-407B-BB86-380C90E15074}.Debug|Any CPU.Build.0 = Debug|Any CPU
		{E543EB9F-8D54-407B-BB86-380C90E15074}.Release|Any CPU.ActiveCfg = Release|Any CPU
		{E543EB9F-8D54-407B-BB86-380C90E15074}.Release|Any CPU.Build.0 = Release|Any CPU
	EndGlobalSection
	GlobalSection(SolutionProperties) = preSolution
		HideSolutionNode = FALSE
	EndGlobalSection
	GlobalSection(NestedProjects) = preSolution
		{FFE11881-F56E-4DC0-BF2A-0D76E975E3D4} = {89FDF237-2936-4DD0-97C3-AF9702B7E40D}
		{D0DAAA4C-C56D-43A3-9A6D-86FA878F1C2E} = {89FDF237-2936-4DD0-97C3-AF9702B7E40D}
		{B5F5DEA2-44F7-435D-A6F7-A7B8FBB6C7CB} = {89FDF237-2936-4DD0-97C3-AF9702B7E40D}
		{42FB7643-F7AB-499A-99C5-595266DF0C8D} = {6A733BB3-6F6D-4854-859A-449BC0A2C428}
		{D3127B29-E7AC-4DC4-A416-CBBEEA6BCF2A} = {6A733BB3-6F6D-4854-859A-449BC0A2C428}
		{F8BF2911-7D5F-4829-B6F7-6093F6F116F8} = {6A733BB3-6F6D-4854-859A-449BC0A2C428}
		{39FDFA4E-6702-4F40-8613-B381EC055F2B} = {612DE45A-582C-44B6-8FAE-FA09F048ECE9}
		{31F074A9-80B2-47D9-90EA-4881F38B44F6} = {612DE45A-582C-44B6-8FAE-FA09F048ECE9}
	EndGlobalSection
EndGlobal
